{
  "nodes": {
    "nixpkgs": {
      "locked": {
        "lastModified": 1754028485,
        "narHash": "sha256-IiiXB3BDTi6UqzAZcf2S797hWEPCRZOwyNThJIYhUfk=",
        "owner": "nixos",
        "repo": "nixpkgs",
        "rev": "59e69648d345d6e8fef86158c555730fa12af9de",
        "type": "github"
      },
      "original": {
        "owner": "nixos",
        "repo": "nixpkgs",
        "rev": "59e69648d345d6e8fef86158c555730fa12af9de",
        "type": "github"
      }
    },
    "nixpkgs-pin": {
      "inputs": {
        "nixpkgs": "nixpkgs"
      },
      "locked": {
        "path": "../pkgs",
        "type": "path"
      },
      "original": {
        "path": "../pkgs",
        "type": "path"
      },
      "parent": []
    },
    "root": {
      "inputs": {
        "nixpkgs": [
          "nixpkgs-pin",
          "nixpkgs"
        ],
        "nixpkgs-pin": "nixpkgs-pin"
      }
    }
  },
  "root": "root",
  "version": 7
}
